// !$*UTF8*$!
{
	archiveVersion = 1;
	classes = {
	};
	objectVersion = 56;
	objects = {

/* Begin PBXBuildFile section */
		4B7A85C728F598C10055FEB5 /* AppDelegate.swift in Sources */ = {isa = PBXBuildFile; fileRef = 4B7A85C628F598C10055FEB5 /* AppDelegate.swift */; };
		4B7A85C928F598C10055FEB5 /* SceneDelegate.swift in Sources */ = {isa = PBXBuildFile; fileRef = 4B7A85C828F598C10055FEB5 /* SceneDelegate.swift */; };
		4B7A85CB28F598C10055FEB5 /* ViewController.swift in Sources */ = {isa = PBXBuildFile; fileRef = 4B7A85CA28F598C10055FEB5 /* ViewController.swift */; };
		4B7A85D028F598C20055FEB5 /* Assets.xcassets in Resources */ = {isa = PBXBuildFile; fileRef = 4B7A85CF28F598C20055FEB5 /* Assets.xcassets */; };
		4B7A85D328F598C20055FEB5 /* LaunchScreen.storyboard in Resources */ = {isa = PBXBuildFile; fileRef = 4B7A85D128F598C20055FEB5 /* LaunchScreen.storyboard */; };
		4B7A85DE28F598C20055FEB5 /* _SongTests.swift in Sources */ = {isa = PBXBuildFile; fileRef = 4B7A85DD28F598C20055FEB5 /* _SongTests.swift */; };
		4B7A85E828F598C20055FEB5 /* _SongUITests.swift in Sources */ = {isa = PBXBuildFile; fileRef = 4B7A85E728F598C20055FEB5 /* _SongUITests.swift */; };
		4B7A85EA28F598C20055FEB5 /* _SongUITestsLaunchTests.swift in Sources */ = {isa = PBXBuildFile; fileRef = 4B7A85E928F598C20055FEB5 /* _SongUITestsLaunchTests.swift */; };
		4B7A85FC28F99E2D0055FEB5 /* APICall.swift in Sources */ = {isa = PBXBuildFile; fileRef = 4B7A85FB28F99E2D0055FEB5 /* APICall.swift */; };
		4B7A860028FEB8A50055FEB5 /* AlbumModel.swift in Sources */ = {isa = PBXBuildFile; fileRef = 4B7A85FF28FEB8A50055FEB5 /* AlbumModel.swift */; };
/* End PBXBuildFile section */

/* Begin PBXContainerItemProxy section */
		4B7A85DA28F598C20055FEB5 /* PBXContainerItemProxy */ = {
			isa = PBXContainerItemProxy;
			containerPortal = 4B7A85BB28F598C10055FEB5 /* Project object */;
			proxyType = 1;
			remoteGlobalIDString = 4B7A85C228F598C10055FEB5;
			remoteInfo = 7Song;
		};
		4B7A85E428F598C20055FEB5 /* PBXContainerItemProxy */ = {
			isa = PBXContainerItemProxy;
			containerPortal = 4B7A85BB28F598C10055FEB5 /* Project object */;
			proxyType = 1;
			remoteGlobalIDString = 4B7A85C228F598C10055FEB5;
			remoteInfo = 7Song;
		};
/* End PBXContainerItemProxy section */

/* Begin PBXFileReference section */
		4B7A85C328F598C10055FEB5 /* 7Song.app */ = {isa = PBXFileReference; explicitFileType = wrapper.application; includeInIndex = 0; path = 7Song.app; sourceTree = BUILT_PRODUCTS_DIR; };
		4B7A85C628F598C10055FEB5 /* AppDelegate.swift */ = {isa = PBXFileReference; lastKnownFileType = sourcecode.swift; path = AppDelegate.swift; sourceTree = "<group>"; };
		4B7A85C828F598C10055FEB5 /* SceneDelegate.swift */ = {isa = PBXFileReference; lastKnownFileType = sourcecode.swift; path = SceneDelegate.swift; sourceTree = "<group>"; };
		4B7A85CA28F598C10055FEB5 /* ViewController.swift */ = {isa = PBXFileReference; lastKnownFileType = sourcecode.swift; path = ViewController.swift; sourceTree = "<group>"; };
		4B7A85CF28F598C20055FEB5 /* Assets.xcassets */ = {isa = PBXFileReference; lastKnownFileType = folder.assetcatalog; path = Assets.xcassets; sourceTree = "<group>"; };
		4B7A85D228F598C20055FEB5 /* Base */ = {isa = PBXFileReference; lastKnownFileType = file.storyboard; name = Base; path = Base.lproj/LaunchScreen.storyboard; sourceTree = "<group>"; };
		4B7A85D428F598C20055FEB5 /* Info.plist */ = {isa = PBXFileReference; lastKnownFileType = text.plist.xml; path = Info.plist; sourceTree = "<group>"; };
		4B7A85D928F598C20055FEB5 /* 7SongTests.xctest */ = {isa = PBXFileReference; explicitFileType = wrapper.cfbundle; includeInIndex = 0; path = 7SongTests.xctest; sourceTree = BUILT_PRODUCTS_DIR; };
		4B7A85DD28F598C20055FEB5 /* _SongTests.swift */ = {isa = PBXFileReference; lastKnownFileType = sourcecode.swift; path = _SongTests.swift; sourceTree = "<group>"; };
		4B7A85E328F598C20055FEB5 /* 7SongUITests.xctest */ = {isa = PBXFileReference; explicitFileType = wrapper.cfbundle; includeInIndex = 0; path = 7SongUITests.xctest; sourceTree = BUILT_PRODUCTS_DIR; };
		4B7A85E728F598C20055FEB5 /* _SongUITests.swift */ = {isa = PBXFileReference; lastKnownFileType = sourcecode.swift; path = _SongUITests.swift; sourceTree = "<group>"; };
		4B7A85E928F598C20055FEB5 /* _SongUITestsLaunchTests.swift */ = {isa = PBXFileReference; lastKnownFileType = sourcecode.swift; path = _SongUITestsLaunchTests.swift; sourceTree = "<group>"; };
		4B7A85FB28F99E2D0055FEB5 /* APICall.swift */ = {isa = PBXFileReference; lastKnownFileType = sourcecode.swift; path = APICall.swift; sourceTree = "<group>"; };
		4B7A85FF28FEB8A50055FEB5 /* AlbumModel.swift */ = {isa = PBXFileReference; lastKnownFileType = sourcecode.swift; path = AlbumModel.swift; sourceTree = "<group>"; };
/* End PBXFileReference section */

/* Begin PBXFrameworksBuildPhase section */
		4B7A85C028F598C10055FEB5 /* Frameworks */ = {
			isa = PBXFrameworksBuildPhase;
			buildActionMask = 2147483647;
			files = (
			);
			runOnlyForDeploymentPostprocessing = 0;
		};
		4B7A85D628F598C20055FEB5 /* Frameworks */ = {
			isa = PBXFrameworksBuildPhase;
			buildActionMask = 2147483647;
			files = (
			);
			runOnlyForDeploymentPostprocessing = 0;
		};
		4B7A85E028F598C20055FEB5 /* Frameworks */ = {
			isa = PBXFrameworksBuildPhase;
			buildActionMask = 2147483647;
			files = (
			);
			runOnlyForDeploymentPostprocessing = 0;
		};
/* End PBXFrameworksBuildPhase section */

/* Begin PBXGroup section */
		4B7A85BA28F598C10055FEB5 = {
			isa = PBXGroup;
			children = (
				4B7A85C528F598C10055FEB5 /* 7Song */,
				4B7A85DC28F598C20055FEB5 /* 7SongTests */,
				4B7A85E628F598C20055FEB5 /* 7SongUITests */,
				4B7A85C428F598C10055FEB5 /* Products */,
			);
			sourceTree = "<group>";
		};
		4B7A85C428F598C10055FEB5 /* Products */ = {
			isa = PBXGroup;
			children = (
				4B7A85C328F598C10055FEB5 /* 7Song.app */,
				4B7A85D928F598C20055FEB5 /* 7SongTests.xctest */,
				4B7A85E328F598C20055FEB5 /* 7SongUITests.xctest */,
			);
			name = Products;
			sourceTree = "<group>";
		};
		4B7A85C528F598C10055FEB5 /* 7Song */ = {
			isa = PBXGroup;
			children = (
				4B7A85F728F99D7D0055FEB5 /* Application */,
				4B7A85F828F99D990055FEB5 /* Resource */,
				4B7A85F928F99DF20055FEB5 /* Source */,
				4B7A85D428F598C20055FEB5 /* Info.plist */,
			);
			path = 7Song;
			sourceTree = "<group>";
		};
		4B7A85DC28F598C20055FEB5 /* 7SongTests */ = {
			isa = PBXGroup;
			children = (
				4B7A85DD28F598C20055FEB5 /* _SongTests.swift */,
			);
			path = 7SongTests;
			sourceTree = "<group>";
		};
		4B7A85E628F598C20055FEB5 /* 7SongUITests */ = {
			isa = PBXGroup;
			children = (
				4B7A85E728F598C20055FEB5 /* _SongUITests.swift */,
				4B7A85E928F598C20055FEB5 /* _SongUITestsLaunchTests.swift */,
			);
			path = 7SongUITests;
			sourceTree = "<group>";
		};
		4B7A85F728F99D7D0055FEB5 /* Application */ = {
			isa = PBXGroup;
			children = (
				4B7A85C628F598C10055FEB5 /* AppDelegate.swift */,
				4B7A85C828F598C10055FEB5 /* SceneDelegate.swift */,
				4B7A85D128F598C20055FEB5 /* LaunchScreen.storyboard */,
			);
			path = Application;
			sourceTree = "<group>";
		};
		4B7A85F828F99D990055FEB5 /* Resource */ = {
			isa = PBXGroup;
			children = (
				4B7A85CF28F598C20055FEB5 /* Assets.xcassets */,
			);
			path = Resource;
			sourceTree = "<group>";
		};
		4B7A85F928F99DF20055FEB5 /* Source */ = {
			isa = PBXGroup;
			children = (
				4B7A85FA28F99E170055FEB5 /* Service */,
				4B7A85FE28FEB88A0055FEB5 /* Model */,
				4B7A860128FEE8CA0055FEB5 /* MainScreen */,
			);
			path = Source;
			sourceTree = "<group>";
		};
		4B7A85FA28F99E170055FEB5 /* Service */ = {
			isa = PBXGroup;
			children = (
				4B7A85FB28F99E2D0055FEB5 /* APICall.swift */,
			);
			path = Service;
			sourceTree = "<group>";
		};
		4B7A85FE28FEB88A0055FEB5 /* Model */ = {
			isa = PBXGroup;
			children = (
				4B7A85FF28FEB8A50055FEB5 /* AlbumModel.swift */,
			);
			path = Model;
			sourceTree = "<group>";
		};
		4B7A860128FEE8CA0055FEB5 /* MainScreen */ = {
			isa = PBXGroup;
			children = (
				4B7A860228FEEDFF0055FEB5 /* View */,
			);
			path = MainScreen;
			sourceTree = "<group>";
		};
		4B7A860228FEEDFF0055FEB5 /* View */ = {
			isa = PBXGroup;
			children = (
				4B7A860328FEEE100055FEB5 /* Components */,
				4B7A85CA28F598C10055FEB5 /* ViewController.swift */,
			);
			path = View;
			sourceTree = "<group>";
		};
		4B7A860328FEEE100055FEB5 /* Components */ = {
			isa = PBXGroup;
			children = (
			);
			path = Components;
			sourceTree = "<group>";
		};
/* End PBXGroup section */

/* Begin PBXNativeTarget section */
		4B7A85C228F598C10055FEB5 /* 7Song */ = {
			isa = PBXNativeTarget;
			buildConfigurationList = 4B7A85ED28F598C20055FEB5 /* Build configuration list for PBXNativeTarget "7Song" */;
			buildPhases = (
				4B7A85BF28F598C10055FEB5 /* Sources */,
				4B7A85C028F598C10055FEB5 /* Frameworks */,
				4B7A85C128F598C10055FEB5 /* Resources */,
				4B7A85FD28F99F0E0055FEB5 /* ShellScript */,
			);
			buildRules = (
			);
			dependencies = (
			);
			name = 7Song;
			productName = 7Song;
			productReference = 4B7A85C328F598C10055FEB5 /* 7Song.app */;
			productType = "com.apple.product-type.application";
		};
		4B7A85D828F598C20055FEB5 /* 7SongTests */ = {
			isa = PBXNativeTarget;
			buildConfigurationList = 4B7A85F028F598C20055FEB5 /* Build configuration list for PBXNativeTarget "7SongTests" */;
			buildPhases = (
				4B7A85D528F598C20055FEB5 /* Sources */,
				4B7A85D628F598C20055FEB5 /* Frameworks */,
				4B7A85D728F598C20055FEB5 /* Resources */,
			);
			buildRules = (
			);
			dependencies = (
				4B7A85DB28F598C20055FEB5 /* PBXTargetDependency */,
			);
			name = 7SongTests;
			productName = 7SongTests;
			productReference = 4B7A85D928F598C20055FEB5 /* 7SongTests.xctest */;
			productType = "com.apple.product-type.bundle.unit-test";
		};
		4B7A85E228F598C20055FEB5 /* 7SongUITests */ = {
			isa = PBXNativeTarget;
			buildConfigurationList = 4B7A85F328F598C20055FEB5 /* Build configuration list for PBXNativeTarget "7SongUITests" */;
			buildPhases = (
				4B7A85DF28F598C20055FEB5 /* Sources */,
				4B7A85E028F598C20055FEB5 /* Frameworks */,
				4B7A85E128F598C20055FEB5 /* Resources */,
			);
			buildRules = (
			);
			dependencies = (
				4B7A85E528F598C20055FEB5 /* PBXTargetDependency */,
			);
			name = 7SongUITests;
			productName = 7SongUITests;
			productReference = 4B7A85E328F598C20055FEB5 /* 7SongUITests.xctest */;
			productType = "com.apple.product-type.bundle.ui-testing";
		};
/* End PBXNativeTarget section */

/* Begin PBXProject section */
		4B7A85BB28F598C10055FEB5 /* Project object */ = {
			isa = PBXProject;
			attributes = {
				BuildIndependentTargetsInParallel = 1;
				LastSwiftUpdateCheck = 1400;
				LastUpgradeCheck = 1400;
				TargetAttributes = {
					4B7A85C228F598C10055FEB5 = {
						CreatedOnToolsVersion = 14.0.1;
					};
					4B7A85D828F598C20055FEB5 = {
						CreatedOnToolsVersion = 14.0.1;
						TestTargetID = 4B7A85C228F598C10055FEB5;
					};
					4B7A85E228F598C20055FEB5 = {
						CreatedOnToolsVersion = 14.0.1;
						TestTargetID = 4B7A85C228F598C10055FEB5;
					};
				};
			};
			buildConfigurationList = 4B7A85BE28F598C10055FEB5 /* Build configuration list for PBXProject "7Song" */;
			compatibilityVersion = "Xcode 14.0";
			developmentRegion = en;
			hasScannedForEncodings = 0;
			knownRegions = (
				en,
				Base,
			);
			mainGroup = 4B7A85BA28F598C10055FEB5;
			productRefGroup = 4B7A85C428F598C10055FEB5 /* Products */;
			projectDirPath = "";
			projectRoot = "";
			targets = (
				4B7A85C228F598C10055FEB5 /* 7Song */,
				4B7A85D828F598C20055FEB5 /* 7SongTests */,
				4B7A85E228F598C20055FEB5 /* 7SongUITests */,
			);
		};
/* End PBXProject section */

/* Begin PBXResourcesBuildPhase section */
		4B7A85C128F598C10055FEB5 /* Resources */ = {
			isa = PBXResourcesBuildPhase;
			buildActionMask = 2147483647;
			files = (
				4B7A85D328F598C20055FEB5 /* LaunchScreen.storyboard in Resources */,
				4B7A85D028F598C20055FEB5 /* Assets.xcassets in Resources */,
			);
			runOnlyForDeploymentPostprocessing = 0;
		};
		4B7A85D728F598C20055FEB5 /* Resources */ = {
			isa = PBXResourcesBuildPhase;
			buildActionMask = 2147483647;
			files = (
			);
			runOnlyForDeploymentPostprocessing = 0;
		};
		4B7A85E128F598C20055FEB5 /* Resources */ = {
			isa = PBXResourcesBuildPhase;
			buildActionMask = 2147483647;
			files = (
			);
			runOnlyForDeploymentPostprocessing = 0;
		};
/* End PBXResourcesBuildPhase section */

/* Begin PBXShellScriptBuildPhase section */
		4B7A85FD28F99F0E0055FEB5 /* ShellScript */ = {
			isa = PBXShellScriptBuildPhase;
			buildActionMask = 2147483647;
			files = (
			);
			inputFileListPaths = (
			);
			inputPaths = (
			);
			outputFileListPaths = (
			);
			outputPaths = (
			);
			runOnlyForDeploymentPostprocessing = 0;
			shellPath = /bin/sh;
			shellScript = "export PATH=\"$PATH:/opt/homebrew/bin\"\nif which swiftlint > /dev/null; then\n  swiftlint\nelse\n  echo \"warning: SwiftLint not installed, download from https://github.com/realm/SwiftLint\"\nfi\n";
		};
/* End PBXShellScriptBuildPhase section */

/* Begin PBXSourcesBuildPhase section */
		4B7A85BF28F598C10055FEB5 /* Sources */ = {
			isa = PBXSourcesBuildPhase;
			buildActionMask = 2147483647;
			files = (
				4B7A85CB28F598C10055FEB5 /* ViewController.swift in Sources */,
				4B7A860028FEB8A50055FEB5 /* AlbumModel.swift in Sources */,
				4B7A85C728F598C10055FEB5 /* AppDelegate.swift in Sources */,
				4B7A85FC28F99E2D0055FEB5 /* APICall.swift in Sources */,
				4B7A85C928F598C10055FEB5 /* SceneDelegate.swift in Sources */,
			);
			runOnlyForDeploymentPostprocessing = 0;
		};
		4B7A85D528F598C20055FEB5 /* Sources */ = {
			isa = PBXSourcesBuildPhase;
			buildActionMask = 2147483647;
			files = (
				4B7A85DE28F598C20055FEB5 /* _SongTests.swift in Sources */,
			);
			runOnlyForDeploymentPostprocessing = 0;
		};
		4B7A85DF28F598C20055FEB5 /* Sources */ = {
			isa = PBXSourcesBuildPhase;
			buildActionMask = 2147483647;
			files = (
				4B7A85E828F598C20055FEB5 /* _SongUITests.swift in Sources */,
				4B7A85EA28F598C20055FEB5 /* _SongUITestsLaunchTests.swift in Sources */,
			);
			runOnlyForDeploymentPostprocessing = 0;
		};
/* End PBXSourcesBuildPhase section */

/* Begin PBXTargetDependency section */
		4B7A85DB28F598C20055FEB5 /* PBXTargetDependency */ = {
			isa = PBXTargetDependency;
			target = 4B7A85C228F598C10055FEB5 /* 7Song */;
			targetProxy = 4B7A85DA28F598C20055FEB5 /* PBXContainerItemProxy */;
		};
		4B7A85E528F598C20055FEB5 /* PBXTargetDependency */ = {
			isa = PBXTargetDependency;
			target = 4B7A85C228F598C10055FEB5 /* 7Song */;
			targetProxy = 4B7A85E428F598C20055FEB5 /* PBXContainerItemProxy */;
		};
/* End PBXTargetDependency section */

/* Begin PBXVariantGroup section */
		4B7A85D128F598C20055FEB5 /* LaunchScreen.storyboard */ = {
			isa = PBXVariantGroup;
			children = (
				4B7A85D228F598C20055FEB5 /* Base */,
			);
			name = LaunchScreen.storyboard;
			sourceTree = "<group>";
		};
/* End PBXVariantGroup section */

/* Begin XCBuildConfiguration section */
		4B7A85EB28F598C20055FEB5 /* Debug */ = {
			isa = XCBuildConfiguration;
			buildSettings = {
				ALWAYS_SEARCH_USER_PATHS = NO;
				CLANG_ANALYZER_NONNULL = YES;
				CLANG_ANALYZER_NUMBER_OBJECT_CONVERSION = YES_AGGRESSIVE;
				CLANG_CXX_LANGUAGE_STANDARD = "gnu++20";
				CLANG_ENABLE_MODULES = YES;
				CLANG_ENABLE_OBJC_ARC = YES;
				CLANG_ENABLE_OBJC_WEAK = YES;
				CLANG_WARN_BLOCK_CAPTURE_AUTORELEASING = YES;
				CLANG_WARN_BOOL_CONVERSION = YES;
				CLANG_WARN_COMMA = YES;
				CLANG_WARN_CONSTANT_CONVERSION = YES;
				CLANG_WARN_DEPRECATED_OBJC_IMPLEMENTATIONS = YES;
				CLANG_WARN_DIRECT_OBJC_ISA_USAGE = YES_ERROR;
				CLANG_WARN_DOCUMENTATION_COMMENTS = YES;
				CLANG_WARN_EMPTY_BODY = YES;
				CLANG_WARN_ENUM_CONVERSION = YES;
				CLANG_WARN_INFINITE_RECURSION = YES;
				CLANG_WARN_INT_CONVERSION = YES;
				CLANG_WARN_NON_LITERAL_NULL_CONVERSION = YES;
				CLANG_WARN_OBJC_IMPLICIT_RETAIN_SELF = YES;
				CLANG_WARN_OBJC_LITERAL_CONVERSION = YES;
				CLANG_WARN_OBJC_ROOT_CLASS = YES_ERROR;
				CLANG_WARN_QUOTED_INCLUDE_IN_FRAMEWORK_HEADER = YES;
				CLANG_WARN_RANGE_LOOP_ANALYSIS = YES;
				CLANG_WARN_STRICT_PROTOTYPES = YES;
				CLANG_WARN_SUSPICIOUS_MOVE = YES;
				CLANG_WARN_UNGUARDED_AVAILABILITY = YES_AGGRESSIVE;
				CLANG_WARN_UNREACHABLE_CODE = YES;
				CLANG_WARN__DUPLICATE_METHOD_MATCH = YES;
				COPY_PHASE_STRIP = NO;
				DEBUG_INFORMATION_FORMAT = dwarf;
				ENABLE_STRICT_OBJC_MSGSEND = YES;
				ENABLE_TESTABILITY = YES;
				GCC_C_LANGUAGE_STANDARD = gnu11;
				GCC_DYNAMIC_NO_PIC = NO;
				GCC_NO_COMMON_BLOCKS = YES;
				GCC_OPTIMIZATION_LEVEL = 0;
				GCC_PREPROCESSOR_DEFINITIONS = (
					"DEBUG=1",
					"$(inherited)",
				);
				GCC_WARN_64_TO_32_BIT_CONVERSION = YES;
				GCC_WARN_ABOUT_RETURN_TYPE = YES_ERROR;
				GCC_WARN_UNDECLARED_SELECTOR = YES;
				GCC_WARN_UNINITIALIZED_AUTOS = YES_AGGRESSIVE;
				GCC_WARN_UNUSED_FUNCTION = YES;
				GCC_WARN_UNUSED_VARIABLE = YES;
				IPHONEOS_DEPLOYMENT_TARGET = 16.0;
				MTL_ENABLE_DEBUG_INFO = INCLUDE_SOURCE;
				MTL_FAST_MATH = YES;
				ONLY_ACTIVE_ARCH = YES;
				SDKROOT = iphoneos;
				SWIFT_ACTIVE_COMPILATION_CONDITIONS = DEBUG;
				SWIFT_OPTIMIZATION_LEVEL = "-Onone";
			};
			name = Debug;
		};
		4B7A85EC28F598C20055FEB5 /* Release */ = {
			isa = XCBuildConfiguration;
			buildSettings = {
				ALWAYS_SEARCH_USER_PATHS = NO;
				CLANG_ANALYZER_NONNULL = YES;
				CLANG_ANALYZER_NUMBER_OBJECT_CONVERSION = YES_AGGRESSIVE;
				CLANG_CXX_LANGUAGE_STANDARD = "gnu++20";
				CLANG_ENABLE_MODULES = YES;
				CLANG_ENABLE_OBJC_ARC = YES;
				CLANG_ENABLE_OBJC_WEAK = YES;
				CLANG_WARN_BLOCK_CAPTURE_AUTORELEASING = YES;
				CLANG_WARN_BOOL_CONVERSION = YES;
				CLANG_WARN_COMMA = YES;
				CLANG_WARN_CONSTANT_CONVERSION = YES;
				CLANG_WARN_DEPRECATED_OBJC_IMPLEMENTATIONS = YES;
				CLANG_WARN_DIRECT_OBJC_ISA_USAGE = YES_ERROR;
				CLANG_WARN_DOCUMENTATION_COMMENTS = YES;
				CLANG_WARN_EMPTY_BODY = YES;
				CLANG_WARN_ENUM_CONVERSION = YES;
				CLANG_WARN_INFINITE_RECURSION = YES;
				CLANG_WARN_INT_CONVERSION = YES;
				CLANG_WARN_NON_LITERAL_NULL_CONVERSION = YES;
				CLANG_WARN_OBJC_IMPLICIT_RETAIN_SELF = YES;
				CLANG_WARN_OBJC_LITERAL_CONVERSION = YES;
				CLANG_WARN_OBJC_ROOT_CLASS = YES_ERROR;
				CLANG_WARN_QUOTED_INCLUDE_IN_FRAMEWORK_HEADER = YES;
				CLANG_WARN_RANGE_LOOP_ANALYSIS = YES;
				CLANG_WARN_STRICT_PROTOTYPES = YES;
				CLANG_WARN_SUSPICIOUS_MOVE = YES;
				CLANG_WARN_UNGUARDED_AVAILABILITY = YES_AGGRESSIVE;
				CLANG_WARN_UNREACHABLE_CODE = YES;
				CLANG_WARN__DUPLICATE_METHOD_MATCH = YES;
				COPY_PHASE_STRIP = NO;
				DEBUG_INFORMATION_FORMAT = "dwarf-with-dsym";
				ENABLE_NS_ASSERTIONS = NO;
				ENABLE_STRICT_OBJC_MSGSEND = YES;
				GCC_C_LANGUAGE_STANDARD = gnu11;
				GCC_NO_COMMON_BLOCKS = YES;
				GCC_WARN_64_TO_32_BIT_CONVERSION = YES;
				GCC_WARN_ABOUT_RETURN_TYPE = YES_ERROR;
				GCC_WARN_UNDECLARED_SELECTOR = YES;
				GCC_WARN_UNINITIALIZED_AUTOS = YES_AGGRESSIVE;
				GCC_WARN_UNUSED_FUNCTION = YES;
				GCC_WARN_UNUSED_VARIABLE = YES;
				IPHONEOS_DEPLOYMENT_TARGET = 16.0;
				MTL_ENABLE_DEBUG_INFO = NO;
				MTL_FAST_MATH = YES;
				SDKROOT = iphoneos;
				SWIFT_COMPILATION_MODE = wholemodule;
				SWIFT_OPTIMIZATION_LEVEL = "-O";
				VALIDATE_PRODUCT = YES;
			};
			name = Release;
		};
		4B7A85EE28F598C20055FEB5 /* Debug */ = {
			isa = XCBuildConfiguration;
			buildSettings = {
				ASSETCATALOG_COMPILER_APPICON_NAME = AppIcon;
				ASSETCATALOG_COMPILER_GLOBAL_ACCENT_COLOR_NAME = AccentColor;
				CODE_SIGN_STYLE = Automatic;
				CURRENT_PROJECT_VERSION = 1;
				DEVELOPMENT_TEAM = 826U5T47TW;
				GENERATE_INFOPLIST_FILE = YES;
				INFOPLIST_FILE = 7Song/Info.plist;
				INFOPLIST_KEY_UIApplicationSupportsIndirectInputEvents = YES;
				INFOPLIST_KEY_UILaunchStoryboardName = LaunchScreen;
				INFOPLIST_KEY_UIStatusBarStyle = "";
				INFOPLIST_KEY_UISupportedInterfaceOrientations_iPad = "UIInterfaceOrientationPortrait UIInterfaceOrientationPortraitUpsideDown UIInterfaceOrientationLandscapeLeft UIInterfaceOrientationLandscapeRight";
				INFOPLIST_KEY_UISupportedInterfaceOrientations_iPhone = "UIInterfaceOrientationPortrait UIInterfaceOrientationLandscapeLeft UIInterfaceOrientationLandscapeRight";
				LD_RUNPATH_SEARCH_PATHS = (
					"$(inherited)",
					"@executable_path/Frameworks",
				);
				MARKETING_VERSION = 1.0;
				PRODUCT_BUNDLE_IDENTIFIER = "br.com.stephanegirao.-Song";
				PRODUCT_NAME = "$(TARGET_NAME)";
				SWIFT_EMIT_LOC_STRINGS = YES;
				SWIFT_VERSION = 5.0;
				TARGETED_DEVICE_FAMILY = "1,2";
			};
			name = Debug;
		};
		4B7A85EF28F598C20055FEB5 /* Release */ = {
			isa = XCBuildConfiguration;
			buildSettings = {
				ASSETCATALOG_COMPILER_APPICON_NAME = AppIcon;
				ASSETCATALOG_COMPILER_GLOBAL_ACCENT_COLOR_NAME = AccentColor;
				CODE_SIGN_STYLE = Automatic;
				CURRENT_PROJECT_VERSION = 1;
				DEVELOPMENT_TEAM = 826U5T47TW;
				GENERATE_INFOPLIST_FILE = YES;
				INFOPLIST_FILE = 7Song/Info.plist;
				INFOPLIST_KEY_UIApplicationSupportsIndirectInputEvents = YES;
				INFOPLIST_KEY_UILaunchStoryboardName = LaunchScreen;
				INFOPLIST_KEY_UIStatusBarStyle = "";
				INFOPLIST_KEY_UISupportedInterfaceOrientations_iPad = "UIInterfaceOrientationPortrait UIInterfaceOrientationPortraitUpsideDown UIInterfaceOrientationLandscapeLeft UIInterfaceOrientationLandscapeRight";
				INFOPLIST_KEY_UISupportedInterfaceOrientations_iPhone = "UIInterfaceOrientationPortrait UIInterfaceOrientationLandscapeLeft UIInterfaceOrientationLandscapeRight";
				LD_RUNPATH_SEARCH_PATHS = (
					"$(inherited)",
					"@executable_path/Frameworks",
				);
				MARKETING_VERSION = 1.0;
				PRODUCT_BUNDLE_IDENTIFIER = "br.com.stephanegirao.-Song";
				PRODUCT_NAME = "$(TARGET_NAME)";
				SWIFT_EMIT_LOC_STRINGS = YES;
				SWIFT_VERSION = 5.0;
				TARGETED_DEVICE_FAMILY = "1,2";
			};
			name = Release;
		};
		4B7A85F128F598C20055FEB5 /* Debug */ = {
			isa = XCBuildConfiguration;
			buildSettings = {
				ALWAYS_EMBED_SWIFT_STANDARD_LIBRARIES = YES;
				BUNDLE_LOADER = "$(TEST_HOST)";
				CODE_SIGN_STYLE = Automatic;
				CURRENT_PROJECT_VERSION = 1;
				DEVELOPMENT_TEAM = 826U5T47TW;
				GENERATE_INFOPLIST_FILE = YES;
				IPHONEOS_DEPLOYMENT_TARGET = 16.0;
				MARKETING_VERSION = 1.0;
				PRODUCT_BUNDLE_IDENTIFIER = "br.com.stephanegirao.-SongTests";
				PRODUCT_NAME = "$(TARGET_NAME)";
				SWIFT_EMIT_LOC_STRINGS = NO;
				SWIFT_VERSION = 5.0;
				TARGETED_DEVICE_FAMILY = "1,2";
				TEST_HOST = "$(BUILT_PRODUCTS_DIR)/7Song.app/$(BUNDLE_EXECUTABLE_FOLDER_PATH)/7Song";
			};
			name = Debug;
		};
		4B7A85F228F598C20055FEB5 /* Release */ = {
			isa = XCBuildConfiguration;
			buildSettings = {
				ALWAYS_EMBED_SWIFT_STANDARD_LIBRARIES = YES;
				BUNDLE_LOADER = "$(TEST_HOST)";
				CODE_SIGN_STYLE = Automatic;
				CURRENT_PROJECT_VERSION = 1;
				DEVELOPMENT_TEAM = 826U5T47TW;
				GENERATE_INFOPLIST_FILE = YES;
				IPHONEOS_DEPLOYMENT_TARGET = 16.0;
				MARKETING_VERSION = 1.0;
				PRODUCT_BUNDLE_IDENTIFIER = "br.com.stephanegirao.-SongTests";
				PRODUCT_NAME = "$(TARGET_NAME)";
				SWIFT_EMIT_LOC_STRINGS = NO;
				SWIFT_VERSION = 5.0;
				TARGETED_DEVICE_FAMILY = "1,2";
				TEST_HOST = "$(BUILT_PRODUCTS_DIR)/7Song.app/$(BUNDLE_EXECUTABLE_FOLDER_PATH)/7Song";
			};
			name = Release;
		};
		4B7A85F428F598C20055FEB5 /* Debug */ = {
			isa = XCBuildConfiguration;
			buildSettings = {
				ALWAYS_EMBED_SWIFT_STANDARD_LIBRARIES = YES;
				CODE_SIGN_STYLE = Automatic;
				CURRENT_PROJECT_VERSION = 1;
				DEVELOPMENT_TEAM = 826U5T47TW;
				GENERATE_INFOPLIST_FILE = YES;
				MARKETING_VERSION = 1.0;
				PRODUCT_BUNDLE_IDENTIFIER = "br.com.stephanegirao.-SongUITests";
				PRODUCT_NAME = "$(TARGET_NAME)";
				SWIFT_EMIT_LOC_STRINGS = NO;
				SWIFT_VERSION = 5.0;
				TARGETED_DEVICE_FAMILY = "1,2";
				TEST_TARGET_NAME = 7Song;
			};
			name = Debug;
		};
		4B7A85F528F598C20055FEB5 /* Release */ = {
			isa = XCBuildConfiguration;
			buildSettings = {
				ALWAYS_EMBED_SWIFT_STANDARD_LIBRARIES = YES;
				CODE_SIGN_STYLE = Automatic;
				CURRENT_PROJECT_VERSION = 1;
				DEVELOPMENT_TEAM = 826U5T47TW;
				GENERATE_INFOPLIST_FILE = YES;
				MARKETING_VERSION = 1.0;
				PRODUCT_BUNDLE_IDENTIFIER = "br.com.stephanegirao.-SongUITests";
				PRODUCT_NAME = "$(TARGET_NAME)";
				SWIFT_EMIT_LOC_STRINGS = NO;
				SWIFT_VERSION = 5.0;
				TARGETED_DEVICE_FAMILY = "1,2";
				TEST_TARGET_NAME = 7Song;
			};
			name = Release;
		};
/* End XCBuildConfiguration section */

/* Begin XCConfigurationList section */
		4B7A85BE28F598C10055FEB5 /* Build configuration list for PBXProject "7Song" */ = {
			isa = XCConfigurationList;
			buildConfigurations = (
				4B7A85EB28F598C20055FEB5 /* Debug */,
				4B7A85EC28F598C20055FEB5 /* Release */,
			);
			defaultConfigurationIsVisible = 0;
			defaultConfigurationName = Release;
		};
		4B7A85ED28F598C20055FEB5 /* Build configuration list for PBXNativeTarget "7Song" */ = {
			isa = XCConfigurationList;
			buildConfigurations = (
				4B7A85EE28F598C20055FEB5 /* Debug */,
				4B7A85EF28F598C20055FEB5 /* Release */,
			);
			defaultConfigurationIsVisible = 0;
			defaultConfigurationName = Release;
		};
		4B7A85F028F598C20055FEB5 /* Build configuration list for PBXNativeTarget "7SongTests" */ = {
			isa = XCConfigurationList;
			buildConfigurations = (
				4B7A85F128F598C20055FEB5 /* Debug */,
				4B7A85F228F598C20055FEB5 /* Release */,
			);
			defaultConfigurationIsVisible = 0;
			defaultConfigurationName = Release;
		};
		4B7A85F328F598C20055FEB5 /* Build configuration list for PBXNativeTarget "7SongUITests" */ = {
			isa = XCConfigurationList;
			buildConfigurations = (
				4B7A85F428F598C20055FEB5 /* Debug */,
				4B7A85F528F598C20055FEB5 /* Release */,
			);
			defaultConfigurationIsVisible = 0;
			defaultConfigurationName = Release;
		};
/* End XCConfigurationList section */
	};
	rootObject = 4B7A85BB28F598C10055FEB5 /* Project object */;
}
